github.com/davecgh/go-spew v1.1.0 h1:ZDRjVQ15GmhC3fiQ8ni8+OwkZQO4DARzQgrnXU1Liz8=
github.com/davecgh/go-spew v1.1.0/go.mod h1:J7Y8YcW2NihsgmVo/mv3lAwl/skON4iLHjSsI+c5H38=
github.com/denisenkom/go-mssqldb v0.0.0-20191124224453-732737034ffd h1:83Wprp6ROGeiHFAP8WJdI2RoxALQYgdllERc3N5N2DM=
github.com/denisenkom/go-mssqldb v0.0.0-20191124224453-732737034ffd/go.mod h1:xbL0rPBG9cCiLr28tMa8zpbdarY27NDyej4t/EjAShU=
github.com/erikstmartin/go-testdb v0.0.0-20160219214506-8d10e4a1bae5 h1:Yzb9+7DPaBjB8zlTR87/ElzFsnQfuHnVUVqpZZIcV5Y=
github.com/erikstmartin/go-testdb v0.0.0-20160219214506-8d10e4a1bae5/go.mod h1:a2zkGnVExMxdzMo3M0Hi/3sEU+cWnZpSni0O6/Yb/P0=
github.com/go-sql-driver/mysql v1.4.1 h1:g24URVg0OFbNUTx9qqY1IRZ9D9z3iPyi5zKhQZpNwpA=
github.com/go-sql-driver/mysql v1.4.1/go.mod h1:zAC/RDZ24gD3HViQzih4MyKcchzm+sOG5ZlKdlhCg5w=
github.com/golang-sql/civil v0.0.0-20190719163853-cb61b32ac6fe h1:lXe2qZdvpiX5WZkZR4hgp4KJVfY3nMkvmwbVkpv1rVY=
github.com/golang-sql/civil v0.0.0-20190719163853-cb61b32ac6fe/go.mod h1:8vg3r2VgvsThLBIFL93Qb5yWzgyZWhEmBwUJWevAkK0=
github.com/golang/protobuf v1.2.0/go.mod h1:6lQm79b+lXiMfvg/cZm0SGofjICqVBUtrP5yJMmIC1U=
github.com/gorilla/mux v1.7.4 h1:VuZ8uybHlWmqV03+zRzdwKL4tUnIp1MAQtp1mIFE1bc=
github.com/gorilla/mux v1.7.4/go.mod h1:DVbg23sWSpFRCP0SfiEN6jmj59UnW/n46BH5rLB71So=
github.com/jinzhu/gorm v1.9.12 h1:Drgk1clyWT9t9ERbzHza6Mj/8FY/CqMyVzOiHviMo6Q=
github.com/jinzhu/gorm v1.9.12/go.mod h1:vhTjlKSJUTWNtcbQtrMBFCxy7eXTzeCAzfL5fBZT/Qs=
github.com/jinzhu/inflection v1.0.0 h1:K317FqzuhWc8YvSVlFMCCUb36O/S9MCKRDI7QkRKD/E=
github.com/jinzhu/inflection v1.0.0/go.mod h1:h+uFLlag+Qp1Va5pdKtLDYj+kHp5pxUVkryuEj+Srlc=
github.com/jinzhu/now v1.0.1 h1:HjfetcXq097iXP0uoPCdnM4Efp5/9MsM0/M+XOTeR3M=
github.com/jinzhu/now v1.0.1/go.mod h1:d3SSVoowX0Lcu0IBviAWJpolVfI5UJVZZ7cO71lE/z8=
github.com/joho/godotenv v1.3.0 h1:Zjp+RcGpHhGlrMbJzXTrZZPrWj+1vfm90La1wgB6Bhc=
github.com/joho/godotenv v1.3.0/go.mod h1:7hK45KPybAkOC6peb+G5yklZfMxEjkZhHbwpqxOKXbg=
github.com/lib/pq v1.1.1 h1:sJZmqHoEaY7f+NPP8pgLB/WxulyR3fewgCM2qaSlBb4=
github.com/lib/pq v1.1.1/go.mod h1:5WUZQaWbwv1U+lTReE5YruASi9Al49XbQIvNi/34Woo=
github.com/mattn/go-sqlite3 v2.0.1+incompatible h1:xQ15muvnzGBHpIpdrNi1DA5x0+TcBZzsIDwmw9uTHzw=
github.com/mattn/go-sqlite3 v2.0.1+incompatible/go.mod h1:FPy6KqzDD04eiIsT53CuJW3U88zkxoIYsOqkbpncsNc=
github.com/pmezard/go-difflib v1.0.0 h1:4DBwDE0NGyQoBHbLQYPwSUPoCMWR5BEzIk/f1lZbAQM=
github.com/pmezard/go-difflib v1.0.0/go.mod h1:iKH77koFhYxTK1pcRnkKkqfTogsbg7gZNVY4sRDYZ/4=
github.com/stretchr/objx v0.1.0 h1:4G4v2dO3VZwixGIRoQ5Lfboy6nUhCyYzaqnIAPPhYs4=
github.com/stretchr/objx v0.1.0/go.mod h1:HFkY916IF+rwdDfMAkV7OtwuqBVzrE8GR6GFx+wExME=
github.com/stretchr/testify v1.5.1 h1:nOGnQDM7FYENwehXlg/kFVnos3rEvtKTjRvOWSzb6H4=
github.com/stretchr/testify v1.5.1/go.mod h1:5W2xD1RspED5o8YsWQXVCued0rvSQ+mT+I5cxcmMvtA=
github.com/tidwall/btree v0.0.0-20191029221954-400434d76274 h1:G6Z6HvJuPjG6XfNGi/feOATzeJrfgTNJY+rGrHbA04E=
github.com/tidwall/btree v0.0.0-20191029221954-400434d76274/go.mod h1:huei1BkDWJ3/sLXmO+bsCNELL+Bp2Kks9OLyQFkzvA8=
github.com/tidwall/buntdb v1.1.2 h1:noCrqQXL9EKMtcdwJcmuVKSEjqu1ua99RHHgbLTEHRo=
github.com/tidwall/buntdb v1.1.2/go.mod h1:xAzi36Hir4FarpSHyfuZ6JzPJdjRZ8QlLZSntE2mqlI=
github.com/tidwall/gjson v1.3.4 h1:On5waDnyKKk3SWE4EthbjjirAWXp43xx5cKCUZY1eZw=
github.com/tidwall/gjson v1.3.4/go.mod h1:P256ACg0Mn+j1RXIDXoss50DeIABTYK1PULOJHhxOls=
github.com/tidwall/grect v0.0.0-20161006141115-ba9a043346eb h1:5NSYaAdrnblKByzd7XByQEJVT8+9v0W/tIY0Oo4OwrE=
github.com/tidwall/grect v0.0.0-20161006141115-ba9a043346eb/go.mod h1:lKYYLFIr9OIgdgrtgkZ9zgRxRdvPYsExnYBsEAd8W5M=
github.com/tidwall/match v1.0.1 h1:PnKP62LPNxHKTwvHHZZzdOAOCtsJTjo6dZLCwpKm5xc=
github.com/tidwall/match v1.0.1/go.mod h1:LujAq0jyVjBy028G1WhWfIzbpQfMO8bBZ6Tyb0+pL9E=
github.com/tidwall/pretty v1.0.0 h1:HsD+QiTn7sK6flMKIvNmpqz1qrpP3Ps6jOKIKMooyg4=
github.com/tidwall/pretty v1.0.0/go.mod h1:XNkn88O1ChpSDQmQeStsy+sBenx6DDtFZJxhVysOjyk=
github.com/tidwall/rtree v0.0.0-20180113144539-6cd427091e0e h1:+NL1GDIUOKxVfbp2KoJQD9cTQ6dyP2co9q4yzmT9FZo=
github.com/tidwall/rtree v0.0.0-20180113144539-6cd427091e0e/go.mod h1:/h+UnNGt0IhNNJLkGikcdcJqm66zGD/uJGMRxK/9+Ao=
github.com/tidwall/tinyqueue v0.0.0-20180302190814-1e39f5511563 h1:Otn9S136ELckZ3KKDyCkxapfufrqDqwmGjcHfAyXRrE=
github.com/tidwall/tinyqueue v0.0.0-20180302190814-1e39f5511563/go.mod h1:mLqSmt7Dv/CNneF2wfcChfN1rvapyQr01LGKnKex0DQ=
golang.org/x/crypto v0.0.0-20190308221718-c2843e01d9a2/go.mod h1:djNgcEr1/C05ACkg1iLfiJU5Ep61QUkGW8qpdssI0+w=
golang.org/x/crypto v0.0.0-20190325154230-a5d413f7728c/go.mod h1:djNgcEr1/C05ACkg1iLfiJU5Ep61QUkGW8qpdssI0+w=
golang.org/x/crypto v0.0.0-20191205180655-e7c4368fe9dd h1:GGJVjV8waZKRHrgwvtH66z9ZGVurTD1MT0n1Bb+q4aM=
golang.org/x/crypto v0.0.0-20191205180655-e7c4368fe9dd/go.mod h1:LzIPMQfyMNhhGPhUkYOs5KpL4U8rLKemX1yGLhDgUto=
golang.org/x/net v0.0.0-20180724234803-3673e40ba225/go.mod h1:mL1N/T3taQHkDXs73rZJwtUhF3w3ftmwwsq0BUmARs4=
golang.org/x/net v0.0.0-20190404232315-eb5bcb51f2a3/go.mod h1:t9HGtf8HONx5eT2rtn7q6eTqICYqUVnKs3thJo3Qplg=
golang.org/x/sys v0.0.0-20190215142949-d0b11bdaac8a/go.mod h1:STP8DvDyc/dI5b8T5hshtkjS+E42TnysNCUPdjciGhY=
golang.org/x/sys v0.0.0-20190412213103-97732733099d/go.mod h1:h1NjWce9XRLGQEsW7wpKNCjG9DtNlClVuFLEZdDNbEs=
golang.org/x/text v0.3.0/go.mod h1:NqM8EUOU14njkJ3fqMW+pc6Ldnwhi/IjpwHt7yyuwOQ=
google.golang.org/appengine v1.4.0/go.mod h1:xpcJRLb0r/rnEns0DIKYYv+WjYCduHsrkT7/EB5XEv4=
gopkg.in/check.v1 v0.0.0-20161208181325-20d25e280405/go.mod h1:Co6ibVJAznAaIkqp8huTwlJQCZ016jof/cbN4VW5Yz0=
gopkg.in/yaml.v2 v2.2.2 h1:ZCJp+EgiOT7lHqUV2J862kp8Qj64Jo6az82+3Td9dZw=
gopkg.in/yaml.v2 v2.2.2/go.mod h1:hI93XBmqTisBFMUTm0b8Fm+jr3Dg1NNxqwp+5A1VGuI=
